
Microsoft Visual Studio Solution File, Format Version 12.00
# Visual Studio Version 16
VisualStudioVersion = 16.0.31624.102
MinimumVisualStudioVersion = 10.0.40219.1
Project("{FAE04EC0-301F-11D3-BF4B-00C04F79EFBC}") = "ProjUploadImage", "ProjUploadImage\ProjUploadImage.csproj", "{48F5194D-A4C0-4CCA-898E-618B3879DD59}"
EndProject
Global
	GlobalSection(SolutionConfigurationPlatforms) = preSolution
		Debug|Any CPU = Debug|Any CPU
		Release|Any CPU = Release|Any CPU
	EndGlobalSection
	GlobalSection(ProjectConfigurationPlatforms) = postSolution
		{48F5194D-A4C0-4CCA-898E-618B3879DD59}.Debug|Any CPU.ActiveCfg = Debug|Any CPU
		{48F5194D-A4C0-4CCA-898E-618B3879DD59}.Debug|Any CPU.Build.0 = Debug|Any CPU
		{48F5194D-A4C0-4CCA-898E-618B3879DD59}.Release|Any CPU.ActiveCfg = Release|Any CPU
		{48F5194D-A4C0-4CCA-898E-618B3879DD59}.Release|Any CPU.Build.0 = Release|Any CPU
	EndGlobalSection
	GlobalSection(SolutionProperties) = preSolution
		HideSolutionNode = FALSE
	EndGlobalSection
	GlobalSection(ExtensibilityGlobals) = postSolution
		SolutionGuid = {D43BC34E-B3E3-4622-A23B-614C1C67C94A}
	EndGlobalSection
EndGlobal
