
Microsoft Visual Studio Solution File, Format Version 12.00
# Visual Studio Version 16
VisualStudioVersion = 16.0.31613.86
MinimumVisualStudioVersion = 10.0.40219.1
Project("{FAE04EC0-301F-11D3-BF4B-00C04F79EFBC}") = "ProjMVC30082021", "ProjMVC30082021\ProjMVC30082021.csproj", "{9CF5BDB2-C186-47D1-BB53-D3F77A9CC677}"
EndProject
Global
	GlobalSection(SolutionConfigurationPlatforms) = preSolution
		Debug|Any CPU = Debug|Any CPU
		Release|Any CPU = Release|Any CPU
	EndGlobalSection
	GlobalSection(ProjectConfigurationPlatforms) = postSolution
		{9CF5BDB2-C186-47D1-BB53-D3F77A9CC677}.Debug|Any CPU.ActiveCfg = Debug|Any CPU
		{9CF5BDB2-C186-47D1-BB53-D3F77A9CC677}.Debug|Any CPU.Build.0 = Debug|Any CPU
		{9CF5BDB2-C186-47D1-BB53-D3F77A9CC677}.Release|Any CPU.ActiveCfg = Release|Any CPU
		{9CF5BDB2-C186-47D1-BB53-D3F77A9CC677}.Release|Any CPU.Build.0 = Release|Any CPU
	EndGlobalSection
	GlobalSection(SolutionProperties) = preSolution
		HideSolutionNode = FALSE
	EndGlobalSection
	GlobalSection(ExtensibilityGlobals) = postSolution
		SolutionGuid = {5321162B-4156-438A-942D-F59C260EA099}
	EndGlobalSection
EndGlobal
