
Microsoft Visual Studio Solution File, Format Version 12.00
# Visual Studio Version 16
VisualStudioVersion = 16.0.31624.102
MinimumVisualStudioVersion = 10.0.40219.1
Project("{FAE04EC0-301F-11D3-BF4B-00C04F79EFBC}") = "ProjetoVendaCalcados", "ProjetoVendaCalcados\ProjetoVendaCalcados.csproj", "{B004D5FA-0F81-4BE5-B873-0FD592EA8FDE}"
EndProject
Global
	GlobalSection(SolutionConfigurationPlatforms) = preSolution
		Debug|Any CPU = Debug|Any CPU
		Release|Any CPU = Release|Any CPU
	EndGlobalSection
	GlobalSection(ProjectConfigurationPlatforms) = postSolution
		{B004D5FA-0F81-4BE5-B873-0FD592EA8FDE}.Debug|Any CPU.ActiveCfg = Debug|Any CPU
		{B004D5FA-0F81-4BE5-B873-0FD592EA8FDE}.Debug|Any CPU.Build.0 = Debug|Any CPU
		{B004D5FA-0F81-4BE5-B873-0FD592EA8FDE}.Release|Any CPU.ActiveCfg = Release|Any CPU
		{B004D5FA-0F81-4BE5-B873-0FD592EA8FDE}.Release|Any CPU.Build.0 = Release|Any CPU
	EndGlobalSection
	GlobalSection(SolutionProperties) = preSolution
		HideSolutionNode = FALSE
	EndGlobalSection
	GlobalSection(ExtensibilityGlobals) = postSolution
		SolutionGuid = {7781400A-1825-4FB8-8DB6-B1EBDB932C3C}
	EndGlobalSection
EndGlobal
