
Microsoft Visual Studio Solution File, Format Version 12.00
# Visual Studio Version 16
VisualStudioVersion = 16.0.31515.178
MinimumVisualStudioVersion = 10.0.40219.1
Project("{FAE04EC0-301F-11D3-BF4B-00C04F79EFBC}") = "ProjLocacaoAPI", "ProjLocacaoAPI\ProjLocacaoAPI.csproj", "{9448B91D-B2CF-49EC-8749-1989B023AD38}"
EndProject
Project("{FAE04EC0-301F-11D3-BF4B-00C04F79EFBC}") = "ProjLocacaoWebApp", "ProjLocacaoWebApp\ProjLocacaoWebApp.csproj", "{C08D47AD-1EC9-4D8F-96CD-5B6F011BCF0C}"
EndProject
Global
	GlobalSection(SolutionConfigurationPlatforms) = preSolution
		Debug|Any CPU = Debug|Any CPU
		Release|Any CPU = Release|Any CPU
	EndGlobalSection
	GlobalSection(ProjectConfigurationPlatforms) = postSolution
		{9448B91D-B2CF-49EC-8749-1989B023AD38}.Debug|Any CPU.ActiveCfg = Debug|Any CPU
		{9448B91D-B2CF-49EC-8749-1989B023AD38}.Debug|Any CPU.Build.0 = Debug|Any CPU
		{9448B91D-B2CF-49EC-8749-1989B023AD38}.Release|Any CPU.ActiveCfg = Release|Any CPU
		{9448B91D-B2CF-49EC-8749-1989B023AD38}.Release|Any CPU.Build.0 = Release|Any CPU
		{C08D47AD-1EC9-4D8F-96CD-5B6F011BCF0C}.Debug|Any CPU.ActiveCfg = Debug|Any CPU
		{C08D47AD-1EC9-4D8F-96CD-5B6F011BCF0C}.Debug|Any CPU.Build.0 = Debug|Any CPU
		{C08D47AD-1EC9-4D8F-96CD-5B6F011BCF0C}.Release|Any CPU.ActiveCfg = Release|Any CPU
		{C08D47AD-1EC9-4D8F-96CD-5B6F011BCF0C}.Release|Any CPU.Build.0 = Release|Any CPU
	EndGlobalSection
	GlobalSection(SolutionProperties) = preSolution
		HideSolutionNode = FALSE
	EndGlobalSection
	GlobalSection(ExtensibilityGlobals) = postSolution
		SolutionGuid = {1E3F100B-DD50-4F80-B7DE-693A82797DEB}
	EndGlobalSection
EndGlobal
